
Microsoft Visual Studio Solution File, Format Version 12.00
# Visual Studio 15
VisualStudioVersion = 15.0.26730.12
MinimumVisualStudioVersion = 10.0.40219.1
Project("{FAE04EC0-301F-11D3-BF4B-00C04F79EFBC}") = "CryptoRooster.Android", "CryptoRooster\CryptoRooster.Android\CryptoRooster.Android.csproj", "{7AA17FF5-9B28-4430-A06E-C2EA11D9D2A6}"
EndProject
Project("{FAE04EC0-301F-11D3-BF4B-00C04F79EFBC}") = "CryptoRooster", "CryptoRooster\CryptoRooster\CryptoRooster.csproj", "{AEDE308C-2CAC-47AD-8143-9E1257352ADB}"
EndProject
Project("{9A19103F-16F7-4668-BE54-9A1E7A4F7556}") = "CryptoRooster.ReactJs", "CryptoRooster.ReactJs\CryptoRooster.ReactJs.csproj", "{18012110-F0BE-4A24-90C2-6D6A6E8FA5BE}"
EndProject
Project("{FAE04EC0-301F-11D3-BF4B-00C04F79EFBC}") = "WebApplication1", "WebApplication1\WebApplication1.csproj", "{52D60FA9-F875-48C6-979B-54BF5C15B52E}"
EndProject
Global
	GlobalSection(SolutionConfigurationPlatforms) = preSolution
		Ad-Hoc|Any CPU = Ad-Hoc|Any CPU
		Ad-Hoc|ARM = Ad-Hoc|ARM
		Ad-Hoc|iPhone = Ad-Hoc|iPhone
		Ad-Hoc|iPhoneSimulator = Ad-Hoc|iPhoneSimulator
		Ad-Hoc|x64 = Ad-Hoc|x64
		Ad-Hoc|x86 = Ad-Hoc|x86
		AppStore|Any CPU = AppStore|Any CPU
		AppStore|ARM = AppStore|ARM
		AppStore|iPhone = AppStore|iPhone
		AppStore|iPhoneSimulator = AppStore|iPhoneSimulator
		AppStore|x64 = AppStore|x64
		AppStore|x86 = AppStore|x86
		Debug|Any CPU = Debug|Any CPU
		Debug|ARM = Debug|ARM
		Debug|iPhone = Debug|iPhone
		Debug|iPhoneSimulator = Debug|iPhoneSimulator
		Debug|x64 = Debug|x64
		Debug|x86 = Debug|x86
		Release|Any CPU = Release|Any CPU
		Release|ARM = Release|ARM
		Release|iPhone = Release|iPhone
		Release|iPhoneSimulator = Release|iPhoneSimulator
		Release|x64 = Release|x64
		Release|x86 = Release|x86
	EndGlobalSection
	GlobalSection(ProjectConfigurationPlatforms) = postSolution
		{7AA17FF5-9B28-4430-A06E-C2EA11D9D2A6}.Ad-Hoc|Any CPU.ActiveCfg = Release|Any CPU
		{7AA17FF5-9B28-4430-A06E-C2EA11D9D2A6}.Ad-Hoc|Any CPU.Build.0 = Release|Any CPU
		{7AA17FF5-9B28-4430-A06E-C2EA11D9D2A6}.Ad-Hoc|Any CPU.Deploy.0 = Release|Any CPU
		{7AA17FF5-9B28-4430-A06E-C2EA11D9D2A6}.Ad-Hoc|ARM.ActiveCfg = Release|Any CPU
		{7AA17FF5-9B28-4430-A06E-C2EA11D9D2A6}.Ad-Hoc|ARM.Build.0 = Release|Any CPU
		{7AA17FF5-9B28-4430-A06E-C2EA11D9D2A6}.Ad-Hoc|ARM.Deploy.0 = Release|Any CPU
		{7AA17FF5-9B28-4430-A06E-C2EA11D9D2A6}.Ad-Hoc|iPhone.ActiveCfg = Release|Any CPU
		{7AA17FF5-9B28-4430-A06E-C2EA11D9D2A6}.Ad-Hoc|iPhone.Build.0 = Release|Any CPU
		{7AA17FF5-9B28-4430-A06E-C2EA11D9D2A6}.Ad-Hoc|iPhone.Deploy.0 = Release|Any CPU
		{7AA17FF5-9B28-4430-A06E-C2EA11D9D2A6}.Ad-Hoc|iPhoneSimulator.ActiveCfg = Release|Any CPU
		{7AA17FF5-9B28-4430-A06E-C2EA11D9D2A6}.Ad-Hoc|iPhoneSimulator.Build.0 = Release|Any CPU
		{7AA17FF5-9B28-4430-A06E-C2EA11D9D2A6}.Ad-Hoc|iPhoneSimulator.Deploy.0 = Release|Any CPU
		{7AA17FF5-9B28-4430-A06E-C2EA11D9D2A6}.Ad-Hoc|x64.ActiveCfg = Release|Any CPU
		{7AA17FF5-9B28-4430-A06E-C2EA11D9D2A6}.Ad-Hoc|x64.Build.0 = Release|Any CPU
		{7AA17FF5-9B28-4430-A06E-C2EA11D9D2A6}.Ad-Hoc|x64.Deploy.0 = Release|Any CPU
		{7AA17FF5-9B28-4430-A06E-C2EA11D9D2A6}.Ad-Hoc|x86.ActiveCfg = Release|Any CPU
		{7AA17FF5-9B28-4430-A06E-C2EA11D9D2A6}.Ad-Hoc|x86.Build.0 = Release|Any CPU
		{7AA17FF5-9B28-4430-A06E-C2EA11D9D2A6}.Ad-Hoc|x86.Deploy.0 = Release|Any CPU
		{7AA17FF5-9B28-4430-A06E-C2EA11D9D2A6}.AppStore|Any CPU.ActiveCfg = Release|Any CPU
		{7AA17FF5-9B28-4430-A06E-C2EA11D9D2A6}.AppStore|Any CPU.Build.0 = Release|Any CPU
		{7AA17FF5-9B28-4430-A06E-C2EA11D9D2A6}.AppStore|Any CPU.Deploy.0 = Release|Any CPU
		{7AA17FF5-9B28-4430-A06E-C2EA11D9D2A6}.AppStore|ARM.ActiveCfg = Release|Any CPU
		{7AA17FF5-9B28-4430-A06E-C2EA11D9D2A6}.AppStore|ARM.Build.0 = Release|Any CPU
		{7AA17FF5-9B28-4430-A06E-C2EA11D9D2A6}.AppStore|ARM.Deploy.0 = Release|Any CPU
		{7AA17FF5-9B28-4430-A06E-C2EA11D9D2A6}.AppStore|iPhone.ActiveCfg = Release|Any CPU
		{7AA17FF5-9B28-4430-A06E-C2EA11D9D2A6}.AppStore|iPhone.Build.0 = Release|Any CPU
		{7AA17FF5-9B28-4430-A06E-C2EA11D9D2A6}.AppStore|iPhone.Deploy.0 = Release|Any CPU
		{7AA17FF5-9B28-4430-A06E-C2EA11D9D2A6}.AppStore|iPhoneSimulator.ActiveCfg = Release|Any CPU
		{7AA17FF5-9B28-4430-A06E-C2EA11D9D2A6}.AppStore|iPhoneSimulator.Build.0 = Release|Any CPU
		{7AA17FF5-9B28-4430-A06E-C2EA11D9D2A6}.AppStore|iPhoneSimulator.Deploy.0 = Release|Any CPU
		{7AA17FF5-9B28-4430-A06E-C2EA11D9D2A6}.AppStore|x64.ActiveCfg = Release|Any CPU
		{7AA17FF5-9B28-4430-A06E-C2EA11D9D2A6}.AppStore|x64.Build.0 = Release|Any CPU
		{7AA17FF5-9B28-4430-A06E-C2EA11D9D2A6}.AppStore|x64.Deploy.0 = Release|Any CPU
		{7AA17FF5-9B28-4430-A06E-C2EA11D9D2A6}.AppStore|x86.ActiveCfg = Release|Any CPU
		{7AA17FF5-9B28-4430-A06E-C2EA11D9D2A6}.AppStore|x86.Build.0 = Release|Any CPU
		{7AA17FF5-9B28-4430-A06E-C2EA11D9D2A6}.AppStore|x86.Deploy.0 = Release|Any CPU
		{7AA17FF5-9B28-4430-A06E-C2EA11D9D2A6}.Debug|Any CPU.ActiveCfg = Debug|Any CPU
		{7AA17FF5-9B28-4430-A06E-C2EA11D9D2A6}.Debug|Any CPU.Build.0 = Debug|Any CPU
		{7AA17FF5-9B28-4430-A06E-C2EA11D9D2A6}.Debug|Any CPU.Deploy.0 = Debug|Any CPU
		{7AA17FF5-9B28-4430-A06E-C2EA11D9D2A6}.Debug|ARM.ActiveCfg = Debug|Any CPU
		{7AA17FF5-9B28-4430-A06E-C2EA11D9D2A6}.Debug|ARM.Build.0 = Debug|Any CPU
		{7AA17FF5-9B28-4430-A06E-C2EA11D9D2A6}.Debug|ARM.Deploy.0 = Debug|Any CPU
		{7AA17FF5-9B28-4430-A06E-C2EA11D9D2A6}.Debug|iPhone.ActiveCfg = Debug|Any CPU
		{7AA17FF5-9B28-4430-A06E-C2EA11D9D2A6}.Debug|iPhone.Build.0 = Debug|Any CPU
		{7AA17FF5-9B28-4430-A06E-C2EA11D9D2A6}.Debug|iPhone.Deploy.0 = Debug|Any CPU
		{7AA17FF5-9B28-4430-A06E-C2EA11D9D2A6}.Debug|iPhoneSimulator.ActiveCfg = Debug|Any CPU
		{7AA17FF5-9B28-4430-A06E-C2EA11D9D2A6}.Debug|iPhoneSimulator.Build.0 = Debug|Any CPU
		{7AA17FF5-9B28-4430-A06E-C2EA11D9D2A6}.Debug|iPhoneSimulator.Deploy.0 = Debug|Any CPU
		{7AA17FF5-9B28-4430-A06E-C2EA11D9D2A6}.Debug|x64.ActiveCfg = Debug|Any CPU
		{7AA17FF5-9B28-4430-A06E-C2EA11D9D2A6}.Debug|x64.Build.0 = Debug|Any CPU
		{7AA17FF5-9B28-4430-A06E-C2EA11D9D2A6}.Debug|x64.Deploy.0 = Debug|Any CPU
		{7AA17FF5-9B28-4430-A06E-C2EA11D9D2A6}.Debug|x86.ActiveCfg = Debug|Any CPU
		{7AA17FF5-9B28-4430-A06E-C2EA11D9D2A6}.Debug|x86.Build.0 = Debug|Any CPU
		{7AA17FF5-9B28-4430-A06E-C2EA11D9D2A6}.Debug|x86.Deploy.0 = Debug|Any CPU
		{7AA17FF5-9B28-4430-A06E-C2EA11D9D2A6}.Release|Any CPU.ActiveCfg = Release|Any CPU
		{7AA17FF5-9B28-4430-A06E-C2EA11D9D2A6}.Release|Any CPU.Build.0 = Release|Any CPU
		{7AA17FF5-9B28-4430-A06E-C2EA11D9D2A6}.Release|Any CPU.Deploy.0 = Release|Any CPU
		{7AA17FF5-9B28-4430-A06E-C2EA11D9D2A6}.Release|ARM.ActiveCfg = Release|Any CPU
		{7AA17FF5-9B28-4430-A06E-C2EA11D9D2A6}.Release|ARM.Build.0 = Release|Any CPU
		{7AA17FF5-9B28-4430-A06E-C2EA11D9D2A6}.Release|ARM.Deploy.0 = Release|Any CPU
		{7AA17FF5-9B28-4430-A06E-C2EA11D9D2A6}.Release|iPhone.ActiveCfg = Release|Any CPU
		{7AA17FF5-9B28-4430-A06E-C2EA11D9D2A6}.Release|iPhone.Build.0 = Release|Any CPU
		{7AA17FF5-9B28-4430-A06E-C2EA11D9D2A6}.Release|iPhone.Deploy.0 = Release|Any CPU
		{7AA17FF5-9B28-4430-A06E-C2EA11D9D2A6}.Release|iPhoneSimulator.ActiveCfg = Release|Any CPU
		{7AA17FF5-9B28-4430-A06E-C2EA11D9D2A6}.Release|iPhoneSimulator.Build.0 = Release|Any CPU
		{7AA17FF5-9B28-4430-A06E-C2EA11D9D2A6}.Release|iPhoneSimulator.Deploy.0 = Release|Any CPU
		{7AA17FF5-9B28-4430-A06E-C2EA11D9D2A6}.Release|x64.ActiveCfg = Release|Any CPU
		{7AA17FF5-9B28-4430-A06E-C2EA11D9D2A6}.Release|x64.Build.0 = Release|Any CPU
		{7AA17FF5-9B28-4430-A06E-C2EA11D9D2A6}.Release|x64.Deploy.0 = Release|Any CPU
		{7AA17FF5-9B28-4430-A06E-C2EA11D9D2A6}.Release|x86.ActiveCfg = Release|Any CPU
		{7AA17FF5-9B28-4430-A06E-C2EA11D9D2A6}.Release|x86.Build.0 = Release|Any CPU
		{7AA17FF5-9B28-4430-A06E-C2EA11D9D2A6}.Release|x86.Deploy.0 = Release|Any CPU
		{AEDE308C-2CAC-47AD-8143-9E1257352ADB}.Ad-Hoc|Any CPU.ActiveCfg = Release|Any CPU
		{AEDE308C-2CAC-47AD-8143-9E1257352ADB}.Ad-Hoc|Any CPU.Build.0 = Release|Any CPU
		{AEDE308C-2CAC-47AD-8143-9E1257352ADB}.Ad-Hoc|ARM.ActiveCfg = Release|Any CPU
		{AEDE308C-2CAC-47AD-8143-9E1257352ADB}.Ad-Hoc|ARM.Build.0 = Release|Any CPU
		{AEDE308C-2CAC-47AD-8143-9E1257352ADB}.Ad-Hoc|iPhone.ActiveCfg = Release|Any CPU
		{AEDE308C-2CAC-47AD-8143-9E1257352ADB}.Ad-Hoc|iPhone.Build.0 = Release|Any CPU
		{AEDE308C-2CAC-47AD-8143-9E1257352ADB}.Ad-Hoc|iPhoneSimulator.ActiveCfg = Release|Any CPU
		{AEDE308C-2CAC-47AD-8143-9E1257352ADB}.Ad-Hoc|iPhoneSimulator.Build.0 = Release|Any CPU
		{AEDE308C-2CAC-47AD-8143-9E1257352ADB}.Ad-Hoc|x64.ActiveCfg = Release|Any CPU
		{AEDE308C-2CAC-47AD-8143-9E1257352ADB}.Ad-Hoc|x64.Build.0 = Release|Any CPU
		{AEDE308C-2CAC-47AD-8143-9E1257352ADB}.Ad-Hoc|x86.ActiveCfg = Release|Any CPU
		{AEDE308C-2CAC-47AD-8143-9E1257352ADB}.Ad-Hoc|x86.Build.0 = Release|Any CPU
		{AEDE308C-2CAC-47AD-8143-9E1257352ADB}.AppStore|Any CPU.ActiveCfg = Release|Any CPU
		{AEDE308C-2CAC-47AD-8143-9E1257352ADB}.AppStore|Any CPU.Build.0 = Release|Any CPU
		{AEDE308C-2CAC-47AD-8143-9E1257352ADB}.AppStore|ARM.ActiveCfg = Release|Any CPU
		{AEDE308C-2CAC-47AD-8143-9E1257352ADB}.AppStore|ARM.Build.0 = Release|Any CPU
		{AEDE308C-2CAC-47AD-8143-9E1257352ADB}.AppStore|iPhone.ActiveCfg = Release|Any CPU
		{AEDE308C-2CAC-47AD-8143-9E1257352ADB}.AppStore|iPhone.Build.0 = Release|Any CPU
		{AEDE308C-2CAC-47AD-8143-9E1257352ADB}.AppStore|iPhoneSimulator.ActiveCfg = Release|Any CPU
		{AEDE308C-2CAC-47AD-8143-9E1257352ADB}.AppStore|iPhoneSimulator.Build.0 = Release|Any CPU
		{AEDE308C-2CAC-47AD-8143-9E1257352ADB}.AppStore|x64.ActiveCfg = Release|Any CPU
		{AEDE308C-2CAC-47AD-8143-9E1257352ADB}.AppStore|x64.Build.0 = Release|Any CPU
		{AEDE308C-2CAC-47AD-8143-9E1257352ADB}.AppStore|x86.ActiveCfg = Release|Any CPU
		{AEDE308C-2CAC-47AD-8143-9E1257352ADB}.AppStore|x86.Build.0 = Release|Any CPU
		{AEDE308C-2CAC-47AD-8143-9E1257352ADB}.Debug|Any CPU.ActiveCfg = Debug|Any CPU
		{AEDE308C-2CAC-47AD-8143-9E1257352ADB}.Debug|Any CPU.Build.0 = Debug|Any CPU
		{AEDE308C-2CAC-47AD-8143-9E1257352ADB}.Debug|ARM.ActiveCfg = Debug|Any CPU
		{AEDE308C-2CAC-47AD-8143-9E1257352ADB}.Debug|ARM.Build.0 = Debug|Any CPU
		{AEDE308C-2CAC-47AD-8143-9E1257352ADB}.Debug|iPhone.ActiveCfg = Debug|Any CPU
		{AEDE308C-2CAC-47AD-8143-9E1257352ADB}.Debug|iPhone.Build.0 = Debug|Any CPU
		{AEDE308C-2CAC-47AD-8143-9E1257352ADB}.Debug|iPhoneSimulator.ActiveCfg = Debug|Any CPU
		{AEDE308C-2CAC-47AD-8143-9E1257352ADB}.Debug|iPhoneSimulator.Build.0 = Debug|Any CPU
		{AEDE308C-2CAC-47AD-8143-9E1257352ADB}.Debug|x64.ActiveCfg = Debug|Any CPU
		{AEDE308C-2CAC-47AD-8143-9E1257352ADB}.Debug|x64.Build.0 = Debug|Any CPU
		{AEDE308C-2CAC-47AD-8143-9E1257352ADB}.Debug|x86.ActiveCfg = Debug|Any CPU
		{AEDE308C-2CAC-47AD-8143-9E1257352ADB}.Debug|x86.Build.0 = Debug|Any CPU
		{AEDE308C-2CAC-47AD-8143-9E1257352ADB}.Release|Any CPU.ActiveCfg = Release|Any CPU
		{AEDE308C-2CAC-47AD-8143-9E1257352ADB}.Release|Any CPU.Build.0 = Release|Any CPU
		{AEDE308C-2CAC-47AD-8143-9E1257352ADB}.Release|ARM.ActiveCfg = Release|Any CPU
		{AEDE308C-2CAC-47AD-8143-9E1257352ADB}.Release|ARM.Build.0 = Release|Any CPU
		{AEDE308C-2CAC-47AD-8143-9E1257352ADB}.Release|iPhone.ActiveCfg = Release|Any CPU
		{AEDE308C-2CAC-47AD-8143-9E1257352ADB}.Release|iPhone.Build.0 = Release|Any CPU
		{AEDE308C-2CAC-47AD-8143-9E1257352ADB}.Release|iPhoneSimulator.ActiveCfg = Release|Any CPU
		{AEDE308C-2CAC-47AD-8143-9E1257352ADB}.Release|iPhoneSimulator.Build.0 = Release|Any CPU
		{AEDE308C-2CAC-47AD-8143-9E1257352ADB}.Release|x64.ActiveCfg = Release|Any CPU
		{AEDE308C-2CAC-47AD-8143-9E1257352ADB}.Release|x64.Build.0 = Release|Any CPU
		{AEDE308C-2CAC-47AD-8143-9E1257352ADB}.Release|x86.ActiveCfg = Release|Any CPU
		{AEDE308C-2CAC-47AD-8143-9E1257352ADB}.Release|x86.Build.0 = Release|Any CPU
		{18012110-F0BE-4A24-90C2-6D6A6E8FA5BE}.Ad-Hoc|Any CPU.ActiveCfg = Debug|Any CPU
		{18012110-F0BE-4A24-90C2-6D6A6E8FA5BE}.Ad-Hoc|Any CPU.Build.0 = Debug|Any CPU
		{18012110-F0BE-4A24-90C2-6D6A6E8FA5BE}.Ad-Hoc|ARM.ActiveCfg = Debug|Any CPU
		{18012110-F0BE-4A24-90C2-6D6A6E8FA5BE}.Ad-Hoc|ARM.Build.0 = Debug|Any CPU
		{18012110-F0BE-4A24-90C2-6D6A6E8FA5BE}.Ad-Hoc|iPhone.ActiveCfg = Debug|Any CPU
		{18012110-F0BE-4A24-90C2-6D6A6E8FA5BE}.Ad-Hoc|iPhone.Build.0 = Debug|Any CPU
		{18012110-F0BE-4A24-90C2-6D6A6E8FA5BE}.Ad-Hoc|iPhoneSimulator.ActiveCfg = Debug|Any CPU
		{18012110-F0BE-4A24-90C2-6D6A6E8FA5BE}.Ad-Hoc|iPhoneSimulator.Build.0 = Debug|Any CPU
		{18012110-F0BE-4A24-90C2-6D6A6E8FA5BE}.Ad-Hoc|x64.ActiveCfg = Debug|Any CPU
		{18012110-F0BE-4A24-90C2-6D6A6E8FA5BE}.Ad-Hoc|x64.Build.0 = Debug|Any CPU
		{18012110-F0BE-4A24-90C2-6D6A6E8FA5BE}.Ad-Hoc|x86.ActiveCfg = Debug|Any CPU
		{18012110-F0BE-4A24-90C2-6D6A6E8FA5BE}.Ad-Hoc|x86.Build.0 = Debug|Any CPU
		{18012110-F0BE-4A24-90C2-6D6A6E8FA5BE}.AppStore|Any CPU.ActiveCfg = Debug|Any CPU
		{18012110-F0BE-4A24-90C2-6D6A6E8FA5BE}.AppStore|Any CPU.Build.0 = Debug|Any CPU
		{18012110-F0BE-4A24-90C2-6D6A6E8FA5BE}.AppStore|ARM.ActiveCfg = Debug|Any CPU
		{18012110-F0BE-4A24-90C2-6D6A6E8FA5BE}.AppStore|ARM.Build.0 = Debug|Any CPU
		{18012110-F0BE-4A24-90C2-6D6A6E8FA5BE}.AppStore|iPhone.ActiveCfg = Debug|Any CPU
		{18012110-F0BE-4A24-90C2-6D6A6E8FA5BE}.AppStore|iPhone.Build.0 = Debug|Any CPU
		{18012110-F0BE-4A24-90C2-6D6A6E8FA5BE}.AppStore|iPhoneSimulator.ActiveCfg = Debug|Any CPU
		{18012110-F0BE-4A24-90C2-6D6A6E8FA5BE}.AppStore|iPhoneSimulator.Build.0 = Debug|Any CPU
		{18012110-F0BE-4A24-90C2-6D6A6E8FA5BE}.AppStore|x64.ActiveCfg = Debug|Any CPU
		{18012110-F0BE-4A24-90C2-6D6A6E8FA5BE}.AppStore|x64.Build.0 = Debug|Any CPU
		{18012110-F0BE-4A24-90C2-6D6A6E8FA5BE}.AppStore|x86.ActiveCfg = Debug|Any CPU
		{18012110-F0BE-4A24-90C2-6D6A6E8FA5BE}.AppStore|x86.Build.0 = Debug|Any CPU
		{18012110-F0BE-4A24-90C2-6D6A6E8FA5BE}.Debug|Any CPU.ActiveCfg = Debug|Any CPU
		{18012110-F0BE-4A24-90C2-6D6A6E8FA5BE}.Debug|Any CPU.Build.0 = Debug|Any CPU
		{18012110-F0BE-4A24-90C2-6D6A6E8FA5BE}.Debug|ARM.ActiveCfg = Debug|Any CPU
		{18012110-F0BE-4A24-90C2-6D6A6E8FA5BE}.Debug|ARM.Build.0 = Debug|Any CPU
		{18012110-F0BE-4A24-90C2-6D6A6E8FA5BE}.Debug|iPhone.ActiveCfg = Debug|Any CPU
		{18012110-F0BE-4A24-90C2-6D6A6E8FA5BE}.Debug|iPhone.Build.0 = Debug|Any CPU
		{18012110-F0BE-4A24-90C2-6D6A6E8FA5BE}.Debug|iPhoneSimulator.ActiveCfg = Debug|Any CPU
		{18012110-F0BE-4A24-90C2-6D6A6E8FA5BE}.Debug|iPhoneSimulator.Build.0 = Debug|Any CPU
		{18012110-F0BE-4A24-90C2-6D6A6E8FA5BE}.Debug|x64.ActiveCfg = Debug|Any CPU
		{18012110-F0BE-4A24-90C2-6D6A6E8FA5BE}.Debug|x64.Build.0 = Debug|Any CPU
		{18012110-F0BE-4A24-90C2-6D6A6E8FA5BE}.Debug|x86.ActiveCfg = Debug|Any CPU
		{18012110-F0BE-4A24-90C2-6D6A6E8FA5BE}.Debug|x86.Build.0 = Debug|Any CPU
		{18012110-F0BE-4A24-90C2-6D6A6E8FA5BE}.Release|Any CPU.ActiveCfg = Release|Any CPU
		{18012110-F0BE-4A24-90C2-6D6A6E8FA5BE}.Release|Any CPU.Build.0 = Release|Any CPU
		{18012110-F0BE-4A24-90C2-6D6A6E8FA5BE}.Release|ARM.ActiveCfg = Release|Any CPU
		{18012110-F0BE-4A24-90C2-6D6A6E8FA5BE}.Release|ARM.Build.0 = Release|Any CPU
		{18012110-F0BE-4A24-90C2-6D6A6E8FA5BE}.Release|iPhone.ActiveCfg = Release|Any CPU
		{18012110-F0BE-4A24-90C2-6D6A6E8FA5BE}.Release|iPhone.Build.0 = Release|Any CPU
		{18012110-F0BE-4A24-90C2-6D6A6E8FA5BE}.Release|iPhoneSimulator.ActiveCfg = Release|Any CPU
		{18012110-F0BE-4A24-90C2-6D6A6E8FA5BE}.Release|iPhoneSimulator.Build.0 = Release|Any CPU
		{18012110-F0BE-4A24-90C2-6D6A6E8FA5BE}.Release|x64.ActiveCfg = Release|Any CPU
		{18012110-F0BE-4A24-90C2-6D6A6E8FA5BE}.Release|x64.Build.0 = Release|Any CPU
		{18012110-F0BE-4A24-90C2-6D6A6E8FA5BE}.Release|x86.ActiveCfg = Release|Any CPU
		{18012110-F0BE-4A24-90C2-6D6A6E8FA5BE}.Release|x86.Build.0 = Release|Any CPU
		{52D60FA9-F875-48C6-979B-54BF5C15B52E}.Ad-Hoc|Any CPU.ActiveCfg = Debug|Any CPU
		{52D60FA9-F875-48C6-979B-54BF5C15B52E}.Ad-Hoc|Any CPU.Build.0 = Debug|Any CPU
		{52D60FA9-F875-48C6-979B-54BF5C15B52E}.Ad-Hoc|ARM.ActiveCfg = Debug|Any CPU
		{52D60FA9-F875-48C6-979B-54BF5C15B52E}.Ad-Hoc|ARM.Build.0 = Debug|Any CPU
		{52D60FA9-F875-48C6-979B-54BF5C15B52E}.Ad-Hoc|iPhone.ActiveCfg = Debug|Any CPU
		{52D60FA9-F875-48C6-979B-54BF5C15B52E}.Ad-Hoc|iPhone.Build.0 = Debug|Any CPU
		{52D60FA9-F875-48C6-979B-54BF5C15B52E}.Ad-Hoc|iPhoneSimulator.ActiveCfg = Debug|Any CPU
		{52D60FA9-F875-48C6-979B-54BF5C15B52E}.Ad-Hoc|iPhoneSimulator.Build.0 = Debug|Any CPU
		{52D60FA9-F875-48C6-979B-54BF5C15B52E}.Ad-Hoc|x64.ActiveCfg = Debug|Any CPU
		{52D60FA9-F875-48C6-979B-54BF5C15B52E}.Ad-Hoc|x64.Build.0 = Debug|Any CPU
		{52D60FA9-F875-48C6-979B-54BF5C15B52E}.Ad-Hoc|x86.ActiveCfg = Debug|Any CPU
		{52D60FA9-F875-48C6-979B-54BF5C15B52E}.Ad-Hoc|x86.Build.0 = Debug|Any CPU
		{52D60FA9-F875-48C6-979B-54BF5C15B52E}.AppStore|Any CPU.ActiveCfg = Debug|Any CPU
		{52D60FA9-F875-48C6-979B-54BF5C15B52E}.AppStore|Any CPU.Build.0 = Debug|Any CPU
		{52D60FA9-F875-48C6-979B-54BF5C15B52E}.AppStore|ARM.ActiveCfg = Debug|Any CPU
		{52D60FA9-F875-48C6-979B-54BF5C15B52E}.AppStore|ARM.Build.0 = Debug|Any CPU
		{52D60FA9-F875-48C6-979B-54BF5C15B52E}.AppStore|iPhone.ActiveCfg = Debug|Any CPU
		{52D60FA9-F875-48C6-979B-54BF5C15B52E}.AppStore|iPhone.Build.0 = Debug|Any CPU
		{52D60FA9-F875-48C6-979B-54BF5C15B52E}.AppStore|iPhoneSimulator.ActiveCfg = Debug|Any CPU
		{52D60FA9-F875-48C6-979B-54BF5C15B52E}.AppStore|iPhoneSimulator.Build.0 = Debug|Any CPU
		{52D60FA9-F875-48C6-979B-54BF5C15B52E}.AppStore|x64.ActiveCfg = Debug|Any CPU
		{52D60FA9-F875-48C6-979B-54BF5C15B52E}.AppStore|x64.Build.0 = Debug|Any CPU
		{52D60FA9-F875-48C6-979B-54BF5C15B52E}.AppStore|x86.ActiveCfg = Debug|Any CPU
		{52D60FA9-F875-48C6-979B-54BF5C15B52E}.AppStore|x86.Build.0 = Debug|Any CPU
		{52D60FA9-F875-48C6-979B-54BF5C15B52E}.Debug|Any CPU.ActiveCfg = Debug|Any CPU
		{52D60FA9-F875-48C6-979B-54BF5C15B52E}.Debug|Any CPU.Build.0 = Debug|Any CPU
		{52D60FA9-F875-48C6-979B-54BF5C15B52E}.Debug|ARM.ActiveCfg = Debug|Any CPU
		{52D60FA9-F875-48C6-979B-54BF5C15B52E}.Debug|ARM.Build.0 = Debug|Any CPU
		{52D60FA9-F875-48C6-979B-54BF5C15B52E}.Debug|iPhone.ActiveCfg = Debug|Any CPU
		{52D60FA9-F875-48C6-979B-54BF5C15B52E}.Debug|iPhone.Build.0 = Debug|Any CPU
		{52D60FA9-F875-48C6-979B-54BF5C15B52E}.Debug|iPhoneSimulator.ActiveCfg = Debug|Any CPU
		{52D60FA9-F875-48C6-979B-54BF5C15B52E}.Debug|iPhoneSimulator.Build.0 = Debug|Any CPU
		{52D60FA9-F875-48C6-979B-54BF5C15B52E}.Debug|x64.ActiveCfg = Debug|Any CPU
		{52D60FA9-F875-48C6-979B-54BF5C15B52E}.Debug|x64.Build.0 = Debug|Any CPU
		{52D60FA9-F875-48C6-979B-54BF5C15B52E}.Debug|x86.ActiveCfg = Debug|Any CPU
		{52D60FA9-F875-48C6-979B-54BF5C15B52E}.Debug|x86.Build.0 = Debug|Any CPU
		{52D60FA9-F875-48C6-979B-54BF5C15B52E}.Release|Any CPU.ActiveCfg = Release|Any CPU
		{52D60FA9-F875-48C6-979B-54BF5C15B52E}.Release|Any CPU.Build.0 = Release|Any CPU
		{52D60FA9-F875-48C6-979B-54BF5C15B52E}.Release|ARM.ActiveCfg = Release|Any CPU
		{52D60FA9-F875-48C6-979B-54BF5C15B52E}.Release|ARM.Build.0 = Release|Any CPU
		{52D60FA9-F875-48C6-979B-54BF5C15B52E}.Release|iPhone.ActiveCfg = Release|Any CPU
		{52D60FA9-F875-48C6-979B-54BF5C15B52E}.Release|iPhone.Build.0 = Release|Any CPU
		{52D60FA9-F875-48C6-979B-54BF5C15B52E}.Release|iPhoneSimulator.ActiveCfg = Release|Any CPU
		{52D60FA9-F875-48C6-979B-54BF5C15B52E}.Release|iPhoneSimulator.Build.0 = Release|Any CPU
		{52D60FA9-F875-48C6-979B-54BF5C15B52E}.Release|x64.ActiveCfg = Release|Any CPU
		{52D60FA9-F875-48C6-979B-54BF5C15B52E}.Release|x64.Build.0 = Release|Any CPU
		{52D60FA9-F875-48C6-979B-54BF5C15B52E}.Release|x86.ActiveCfg = Release|Any CPU
		{52D60FA9-F875-48C6-979B-54BF5C15B52E}.Release|x86.Build.0 = Release|Any CPU
	EndGlobalSection
	GlobalSection(SolutionProperties) = preSolution
		HideSolutionNode = FALSE
	EndGlobalSection
	GlobalSection(ExtensibilityGlobals) = postSolution
		SolutionGuid = {0A57CF59-F4FF-47D5-88A1-D9A849645025}
	EndGlobalSection
EndGlobal
